
Microsoft Visual Studio Solution File, Format Version 12.00
# Visual Studio Version 16
VisualStudioVersion = 16.0.31205.134
MinimumVisualStudioVersion = 10.0.40219.1
Project("{FAE04EC0-301F-11D3-BF4B-00C04F79EFBC}") = "Employee", "Employee\Employee.csproj", "{77AFCE99-9ECD-467C-A6E4-A4B1EF699B3B}"
EndProject
Global
	GlobalSection(SolutionConfigurationPlatforms) = preSolution
		Debug|Any CPU = Debug|Any CPU
		Release|Any CPU = Release|Any CPU
	EndGlobalSection
	GlobalSection(ProjectConfigurationPlatforms) = postSolution
		{77AFCE99-9ECD-467C-A6E4-A4B1EF699B3B}.Debug|Any CPU.ActiveCfg = Debug|Any CPU
		{77AFCE99-9ECD-467C-A6E4-A4B1EF699B3B}.Debug|Any CPU.Build.0 = Debug|Any CPU
		{77AFCE99-9ECD-467C-A6E4-A4B1EF699B3B}.Release|Any CPU.ActiveCfg = Release|Any CPU
		{77AFCE99-9ECD-467C-A6E4-A4B1EF699B3B}.Release|Any CPU.Build.0 = Release|Any CPU
	EndGlobalSection
	GlobalSection(SolutionProperties) = preSolution
		HideSolutionNode = FALSE
	EndGlobalSection
	GlobalSection(ExtensibilityGlobals) = postSolution
		SolutionGuid = {67C46921-2883-4D51-81E4-676062EA69B3}
	EndGlobalSection
EndGlobal
